// !$*UTF8*$!
{
	archiveVersion = 1;
	classes = {
	};
	objectVersion = 46;
	objects = {

/* Begin PBXBuildFile section */
		20182FF51B136410002824F4 /* USPSConfig.json in Resources */ = {isa = PBXBuildFile; fileRef = 20182FF41B136410002824F4 /* USPSConfig.json */; };
		20182FF81B1364B4002824F4 /* USPSRequestFlow.swift in Sources */ = {isa = PBXBuildFile; fileRef = 20182FF71B1364B4002824F4 /* USPSRequestFlow.swift */; };
		20182FFA1B1365F0002824F4 /* USPSRequestInfo.swift in Sources */ = {isa = PBXBuildFile; fileRef = 20182FF91B1365F0002824F4 /* USPSRequestInfo.swift */; };
		2029545B1B3119A400F96975 /* USPSManager.swift in Sources */ = {isa = PBXBuildFile; fileRef = 2029545A1B3119A400F96975 /* USPSManager.swift */; };
		204D48A21B21C62900E173AB /* Result.swift in Sources */ = {isa = PBXBuildFile; fileRef = 204D48A11B21C62900E173AB /* Result.swift */; };
		205AE8131AED794D00289F3F /* SampleUSPSXML.xml in Resources */ = {isa = PBXBuildFile; fileRef = 205AE8121AED794D00289F3F /* SampleUSPSXML.xml */; };
		205AE8141AED794D00289F3F /* SampleUSPSXML.xml in Resources */ = {isa = PBXBuildFile; fileRef = 205AE8121AED794D00289F3F /* SampleUSPSXML.xml */; };
		205EF4B81B2DF6CA0019FE77 /* USPSCommunicator.swift in Sources */ = {isa = PBXBuildFile; fileRef = 205EF4B71B2DF6CA0019FE77 /* USPSCommunicator.swift */; };
		2092AAF11B68613E005DBC46 /* PersistenceController.swift in Sources */ = {isa = PBXBuildFile; fileRef = 2092AAF01B68613E005DBC46 /* PersistenceController.swift */; };
		2092AB151B686623005DBC46 /* PackageModel.xcdatamodeld in Sources */ = {isa = PBXBuildFile; fileRef = 2092AB131B686623005DBC46 /* PackageModel.xcdatamodeld */; };
		2092AB201B6873F1005DBC46 /* Package+CoreDataProperties.swift in Sources */ = {isa = PBXBuildFile; fileRef = 2092AB1E1B6873F1005DBC46 /* Package+CoreDataProperties.swift */; };
		2092AB211B6873F1005DBC46 /* Package.swift in Sources */ = {isa = PBXBuildFile; fileRef = 2092AB1F1B6873F1005DBC46 /* Package.swift */; };
		20C269621BA510AD0044FCA9 /* ViewControllerTests.swift in Sources */ = {isa = PBXBuildFile; fileRef = 20C269611BA510AD0044FCA9 /* ViewControllerTests.swift */; settings = {ASSET_TAGS = (); }; };
		20C269641BA6054D0044FCA9 /* TrackingHistoryViewController.swift in Sources */ = {isa = PBXBuildFile; fileRef = 20C269631BA6054D0044FCA9 /* TrackingHistoryViewController.swift */; settings = {ASSET_TAGS = (); }; };
		20C269661BA60B1B0044FCA9 /* TrackingHistoryViewControllerTests.swift in Sources */ = {isa = PBXBuildFile; fileRef = 20C269651BA60B1B0044FCA9 /* TrackingHistoryViewControllerTests.swift */; settings = {ASSET_TAGS = (); }; };
		20D1034D1B35D6D400774E48 /* USPSConfig.json in Resources */ = {isa = PBXBuildFile; fileRef = 20D1034C1B35D6D400774E48 /* USPSConfig.json */; };
		20DE6D891AED687E00A7A73F /* AppDelegate.swift in Sources */ = {isa = PBXBuildFile; fileRef = 20DE6D881AED687E00A7A73F /* AppDelegate.swift */; };
		20DE6D8B1AED687E00A7A73F /* ViewController.swift in Sources */ = {isa = PBXBuildFile; fileRef = 20DE6D8A1AED687E00A7A73F /* ViewController.swift */; };
		20DE6D8E1AED687E00A7A73F /* Main.storyboard in Resources */ = {isa = PBXBuildFile; fileRef = 20DE6D8C1AED687E00A7A73F /* Main.storyboard */; };
		20DE6D901AED687E00A7A73F /* Images.xcassets in Resources */ = {isa = PBXBuildFile; fileRef = 20DE6D8F1AED687E00A7A73F /* Images.xcassets */; };
		20DE6D931AED687E00A7A73F /* LaunchScreen.xib in Resources */ = {isa = PBXBuildFile; fileRef = 20DE6D911AED687E00A7A73F /* LaunchScreen.xib */; };
		20FA40781B35153500B21A48 /* PackageTracker_UI_Tests.swift in Sources */ = {isa = PBXBuildFile; fileRef = 20FA40771B35153500B21A48 /* PackageTracker_UI_Tests.swift */; };
		55476F5B1AFFD34C00F9003C /* Summary.swift in Sources */ = {isa = PBXBuildFile; fileRef = 55476F5A1AFFD34C00F9003C /* Summary.swift */; };
		55476F5E1AFFD57300F9003C /* Detail.swift in Sources */ = {isa = PBXBuildFile; fileRef = 55476F5D1AFFD57300F9003C /* Detail.swift */; };
		55476F611AFFD5ED00F9003C /* Info.swift in Sources */ = {isa = PBXBuildFile; fileRef = 55476F601AFFD5ED00F9003C /* Info.swift */; };
		55476F671AFFED4B00F9003C /* TestInfo.swift in Sources */ = {isa = PBXBuildFile; fileRef = 55476F661AFFED4B00F9003C /* TestInfo.swift */; };
/* End PBXBuildFile section */

/* Begin PBXContainerItemProxy section */
		20DE6D991AED687E00A7A73F /* PBXContainerItemProxy */ = {
			isa = PBXContainerItemProxy;
			containerPortal = 20DE6D7B1AED687E00A7A73F /* Project object */;
			proxyType = 1;
			remoteGlobalIDString = 20DE6D821AED687E00A7A73F;
			remoteInfo = PackageTracker;
		};
		20FA407A1B35153500B21A48 /* PBXContainerItemProxy */ = {
			isa = PBXContainerItemProxy;
			containerPortal = 20DE6D7B1AED687E00A7A73F /* Project object */;
			proxyType = 1;
			remoteGlobalIDString = 20DE6D821AED687E00A7A73F;
			remoteInfo = PackageTracker;
		};
/* End PBXContainerItemProxy section */

/* Begin PBXFileReference section */
		20182FF41B136410002824F4 /* USPSConfig.json */ = {isa = PBXFileReference; fileEncoding = 4; lastKnownFileType = text.json; path = USPSConfig.json; sourceTree = "<group>"; };
		20182FF71B1364B4002824F4 /* USPSRequestFlow.swift */ = {isa = PBXFileReference; fileEncoding = 4; lastKnownFileType = sourcecode.swift; path = USPSRequestFlow.swift; sourceTree = "<group>"; };
		20182FF91B1365F0002824F4 /* USPSRequestInfo.swift */ = {isa = PBXFileReference; fileEncoding = 4; lastKnownFileType = sourcecode.swift; name = USPSRequestInfo.swift; path = PackageTrackerTests/USPSRequestInfo.swift; sourceTree = SOURCE_ROOT; };
		2029545A1B3119A400F96975 /* USPSManager.swift */ = {isa = PBXFileReference; fileEncoding = 4; lastKnownFileType = sourcecode.swift; path = USPSManager.swift; sourceTree = "<group>"; };
		204D48A11B21C62900E173AB /* Result.swift */ = {isa = PBXFileReference; fileEncoding = 4; lastKnownFileType = sourcecode.swift; path = Result.swift; sourceTree = "<group>"; };
		205AE8121AED794D00289F3F /* SampleUSPSXML.xml */ = {isa = PBXFileReference; fileEncoding = 4; lastKnownFileType = text.xml; path = SampleUSPSXML.xml; sourceTree = "<group>"; };
		205EF4B71B2DF6CA0019FE77 /* USPSCommunicator.swift */ = {isa = PBXFileReference; fileEncoding = 4; lastKnownFileType = sourcecode.swift; path = USPSCommunicator.swift; sourceTree = "<group>"; };
		2092AAF01B68613E005DBC46 /* PersistenceController.swift */ = {isa = PBXFileReference; fileEncoding = 4; lastKnownFileType = sourcecode.swift; name = PersistenceController.swift; path = ../PersistenceController.swift; sourceTree = "<group>"; };
		2092AB141B686623005DBC46 /* PackageModel.xcdatamodel */ = {isa = PBXFileReference; lastKnownFileType = wrapper.xcdatamodel; path = PackageModel.xcdatamodel; sourceTree = "<group>"; };
		2092AB1E1B6873F1005DBC46 /* Package+CoreDataProperties.swift */ = {isa = PBXFileReference; fileEncoding = 4; lastKnownFileType = sourcecode.swift; path = "Package+CoreDataProperties.swift"; sourceTree = "<group>"; };
		2092AB1F1B6873F1005DBC46 /* Package.swift */ = {isa = PBXFileReference; fileEncoding = 4; lastKnownFileType = sourcecode.swift; path = Package.swift; sourceTree = "<group>"; };
		20C269611BA510AD0044FCA9 /* ViewControllerTests.swift */ = {isa = PBXFileReference; fileEncoding = 4; lastKnownFileType = sourcecode.swift; path = ViewControllerTests.swift; sourceTree = "<group>"; };
		20C269631BA6054D0044FCA9 /* TrackingHistoryViewController.swift */ = {isa = PBXFileReference; fileEncoding = 4; lastKnownFileType = sourcecode.swift; path = TrackingHistoryViewController.swift; sourceTree = "<group>"; };
		20C269651BA60B1B0044FCA9 /* TrackingHistoryViewControllerTests.swift */ = {isa = PBXFileReference; fileEncoding = 4; lastKnownFileType = sourcecode.swift; path = TrackingHistoryViewControllerTests.swift; sourceTree = "<group>"; };
		20D1034C1B35D6D400774E48 /* USPSConfig.json */ = {isa = PBXFileReference; fileEncoding = 4; lastKnownFileType = text.json; path = USPSConfig.json; sourceTree = "<group>"; };
		20DE6D831AED687E00A7A73F /* PackageTracker.app */ = {isa = PBXFileReference; explicitFileType = wrapper.application; includeInIndex = 0; path = PackageTracker.app; sourceTree = BUILT_PRODUCTS_DIR; };
		20DE6D871AED687E00A7A73F /* Info.plist */ = {isa = PBXFileReference; lastKnownFileType = text.plist.xml; path = Info.plist; sourceTree = "<group>"; };
		20DE6D881AED687E00A7A73F /* AppDelegate.swift */ = {isa = PBXFileReference; lastKnownFileType = sourcecode.swift; path = AppDelegate.swift; sourceTree = "<group>"; };
		20DE6D8A1AED687E00A7A73F /* ViewController.swift */ = {isa = PBXFileReference; lastKnownFileType = sourcecode.swift; path = ViewController.swift; sourceTree = "<group>"; };
		20DE6D8D1AED687E00A7A73F /* Base */ = {isa = PBXFileReference; lastKnownFileType = file.storyboard; name = Base; path = Base.lproj/Main.storyboard; sourceTree = "<group>"; };
		20DE6D8F1AED687E00A7A73F /* Images.xcassets */ = {isa = PBXFileReference; lastKnownFileType = folder.assetcatalog; path = Images.xcassets; sourceTree = "<group>"; };
		20DE6D921AED687E00A7A73F /* Base */ = {isa = PBXFileReference; lastKnownFileType = file.xib; name = Base; path = Base.lproj/LaunchScreen.xib; sourceTree = "<group>"; };
		20DE6D981AED687E00A7A73F /* PackageTrackerTests.xctest */ = {isa = PBXFileReference; explicitFileType = wrapper.cfbundle; includeInIndex = 0; path = PackageTrackerTests.xctest; sourceTree = BUILT_PRODUCTS_DIR; };
		20DE6D9D1AED687E00A7A73F /* Info.plist */ = {isa = PBXFileReference; lastKnownFileType = text.plist.xml; path = Info.plist; sourceTree = "<group>"; };
		20FA40751B35153500B21A48 /* PackageTracker UI Tests.xctest */ = {isa = PBXFileReference; explicitFileType = wrapper.cfbundle; includeInIndex = 0; path = "PackageTracker UI Tests.xctest"; sourceTree = BUILT_PRODUCTS_DIR; };
		20FA40771B35153500B21A48 /* PackageTracker_UI_Tests.swift */ = {isa = PBXFileReference; lastKnownFileType = sourcecode.swift; path = PackageTracker_UI_Tests.swift; sourceTree = "<group>"; };
		20FA40791B35153500B21A48 /* Info.plist */ = {isa = PBXFileReference; lastKnownFileType = text.plist.xml; path = Info.plist; sourceTree = "<group>"; };
		55476F5A1AFFD34C00F9003C /* Summary.swift */ = {isa = PBXFileReference; fileEncoding = 4; lastKnownFileType = sourcecode.swift; path = Summary.swift; sourceTree = "<group>"; };
		55476F5D1AFFD57300F9003C /* Detail.swift */ = {isa = PBXFileReference; fileEncoding = 4; lastKnownFileType = sourcecode.swift; path = Detail.swift; sourceTree = "<group>"; };
		55476F601AFFD5ED00F9003C /* Info.swift */ = {isa = PBXFileReference; fileEncoding = 4; lastKnownFileType = sourcecode.swift; path = Info.swift; sourceTree = "<group>"; };
		55476F661AFFED4B00F9003C /* TestInfo.swift */ = {isa = PBXFileReference; fileEncoding = 4; lastKnownFileType = sourcecode.swift; path = TestInfo.swift; sourceTree = "<group>"; };
/* End PBXFileReference section */

/* Begin PBXFrameworksBuildPhase section */
		20DE6D801AED687E00A7A73F /* Frameworks */ = {
			isa = PBXFrameworksBuildPhase;
			buildActionMask = 2147483647;
			files = (
			);
			runOnlyForDeploymentPostprocessing = 0;
		};
		20DE6D951AED687E00A7A73F /* Frameworks */ = {
			isa = PBXFrameworksBuildPhase;
			buildActionMask = 2147483647;
			files = (
			);
			runOnlyForDeploymentPostprocessing = 0;
		};
		20FA40721B35153500B21A48 /* Frameworks */ = {
			isa = PBXFrameworksBuildPhase;
			buildActionMask = 2147483647;
			files = (
			);
			runOnlyForDeploymentPostprocessing = 0;
		};
/* End PBXFrameworksBuildPhase section */

/* Begin PBXGroup section */
		20DE6D7A1AED687E00A7A73F = {
			isa = PBXGroup;
			children = (
				20DE6D851AED687E00A7A73F /* PackageTracker */,
				20DE6D9B1AED687E00A7A73F /* PackageTrackerTests */,
				20FA40761B35153500B21A48 /* PackageTracker UI Tests */,
				20DE6D841AED687E00A7A73F /* Products */,
			);
			sourceTree = "<group>";
		};
		20DE6D841AED687E00A7A73F /* Products */ = {
			isa = PBXGroup;
			children = (
				20DE6D831AED687E00A7A73F /* PackageTracker.app */,
				20DE6D981AED687E00A7A73F /* PackageTrackerTests.xctest */,
				20FA40751B35153500B21A48 /* PackageTracker UI Tests.xctest */,
			);
			name = Products;
			sourceTree = "<group>";
		};
		20DE6D851AED687E00A7A73F /* PackageTracker */ = {
			isa = PBXGroup;
			children = (
				20C269631BA6054D0044FCA9 /* TrackingHistoryViewController.swift */,
				2092AAF01B68613E005DBC46 /* PersistenceController.swift */,
				205EF4B71B2DF6CA0019FE77 /* USPSCommunicator.swift */,
				2029545A1B3119A400F96975 /* USPSManager.swift */,
				55476F591AFFD2E200F9003C /* Model */,
				20182FF91B1365F0002824F4 /* USPSRequestInfo.swift */,
				20DE6D881AED687E00A7A73F /* AppDelegate.swift */,
				20DE6D8A1AED687E00A7A73F /* ViewController.swift */,
				204D48A11B21C62900E173AB /* Result.swift */,
				20DE6D8C1AED687E00A7A73F /* Main.storyboard */,
				20DE6D8F1AED687E00A7A73F /* Images.xcassets */,
				20DE6D911AED687E00A7A73F /* LaunchScreen.xib */,
				20DE6D861AED687E00A7A73F /* Supporting Files */,
			);
			path = PackageTracker;
			sourceTree = "<group>";
		};
		20DE6D861AED687E00A7A73F /* Supporting Files */ = {
			isa = PBXGroup;
			children = (
				205AE8121AED794D00289F3F /* SampleUSPSXML.xml */,
				20DE6D871AED687E00A7A73F /* Info.plist */,
				20182FF41B136410002824F4 /* USPSConfig.json */,
			);
			name = "Supporting Files";
			sourceTree = "<group>";
		};
		20DE6D9B1AED687E00A7A73F /* PackageTrackerTests */ = {
			isa = PBXGroup;
			children = (
				20C269651BA60B1B0044FCA9 /* TrackingHistoryViewControllerTests.swift */,
				20DE6D9C1AED687E00A7A73F /* Supporting Files */,
				55476F661AFFED4B00F9003C /* TestInfo.swift */,
				20182FF71B1364B4002824F4 /* USPSRequestFlow.swift */,
				20C269611BA510AD0044FCA9 /* ViewControllerTests.swift */,
			);
			path = PackageTrackerTests;
			sourceTree = "<group>";
		};
		20DE6D9C1AED687E00A7A73F /* Supporting Files */ = {
			isa = PBXGroup;
			children = (
				20DE6D9D1AED687E00A7A73F /* Info.plist */,
			);
			name = "Supporting Files";
			sourceTree = "<group>";
		};
		20FA40761B35153500B21A48 /* PackageTracker UI Tests */ = {
			isa = PBXGroup;
			children = (
				20D1034C1B35D6D400774E48 /* USPSConfig.json */,
				20FA40771B35153500B21A48 /* PackageTracker_UI_Tests.swift */,
				20FA40791B35153500B21A48 /* Info.plist */,
			);
			path = "PackageTracker UI Tests";
			sourceTree = "<group>";
		};
		55476F591AFFD2E200F9003C /* Model */ = {
			isa = PBXGroup;
			children = (
				2092AB1E1B6873F1005DBC46 /* Package+CoreDataProperties.swift */,
				2092AB1F1B6873F1005DBC46 /* Package.swift */,
				2092AB131B686623005DBC46 /* PackageModel.xcdatamodeld */,
				55476F5A1AFFD34C00F9003C /* Summary.swift */,
				55476F5D1AFFD57300F9003C /* Detail.swift */,
				55476F601AFFD5ED00F9003C /* Info.swift */,
			);
			name = Model;
			sourceTree = "<group>";
		};
/* End PBXGroup section */

/* Begin PBXNativeTarget section */
		20DE6D821AED687E00A7A73F /* PackageTracker */ = {
			isa = PBXNativeTarget;
			buildConfigurationList = 20DE6DA21AED687E00A7A73F /* Build configuration list for PBXNativeTarget "PackageTracker" */;
			buildPhases = (
				20DE6D7F1AED687E00A7A73F /* Sources */,
				20DE6D801AED687E00A7A73F /* Frameworks */,
				20DE6D811AED687E00A7A73F /* Resources */,
			);
			buildRules = (
			);
			dependencies = (
			);
			name = PackageTracker;
			productName = PackageTracker;
			productReference = 20DE6D831AED687E00A7A73F /* PackageTracker.app */;
			productType = "com.apple.product-type.application";
		};
		20DE6D971AED687E00A7A73F /* PackageTrackerTests */ = {
			isa = PBXNativeTarget;
			buildConfigurationList = 20DE6DA51AED687E00A7A73F /* Build configuration list for PBXNativeTarget "PackageTrackerTests" */;
			buildPhases = (
				20DE6D941AED687E00A7A73F /* Sources */,
				20DE6D951AED687E00A7A73F /* Frameworks */,
				20DE6D961AED687E00A7A73F /* Resources */,
			);
			buildRules = (
			);
			dependencies = (
				20DE6D9A1AED687E00A7A73F /* PBXTargetDependency */,
			);
			name = PackageTrackerTests;
			productName = PackageTrackerTests;
			productReference = 20DE6D981AED687E00A7A73F /* PackageTrackerTests.xctest */;
			productType = "com.apple.product-type.bundle.unit-test";
		};
		20FA40741B35153500B21A48 /* PackageTracker UI Tests */ = {
			isa = PBXNativeTarget;
			buildConfigurationList = 20FA407C1B35153500B21A48 /* Build configuration list for PBXNativeTarget "PackageTracker UI Tests" */;
			buildPhases = (
				20FA40711B35153500B21A48 /* Sources */,
				20FA40721B35153500B21A48 /* Frameworks */,
				20FA40731B35153500B21A48 /* Resources */,
			);
			buildRules = (
			);
			dependencies = (
				20FA407B1B35153500B21A48 /* PBXTargetDependency */,
			);
			name = "PackageTracker UI Tests";
			productName = "PackageTracker UI Tests";
			productReference = 20FA40751B35153500B21A48 /* PackageTracker UI Tests.xctest */;
			productType = "com.apple.product-type.bundle.ui-testing";
		};
/* End PBXNativeTarget section */

/* Begin PBXProject section */
		20DE6D7B1AED687E00A7A73F /* Project object */ = {
			isa = PBXProject;
			attributes = {
				LastSwiftUpdateCheck = 0700;
				LastUpgradeCheck = 0700;
				ORGANIZATIONNAME = "Concepts In Code";
				TargetAttributes = {
					20DE6D821AED687E00A7A73F = {
						CreatedOnToolsVersion = 6.3.1;
					};
					20DE6D971AED687E00A7A73F = {
						CreatedOnToolsVersion = 6.3.1;
						TestTargetID = 20DE6D821AED687E00A7A73F;
					};
					20FA40741B35153500B21A48 = {
						CreatedOnToolsVersion = 7.0;
						TestTargetID = 20DE6D821AED687E00A7A73F;
					};
				};
			};
			buildConfigurationList = 20DE6D7E1AED687E00A7A73F /* Build configuration list for PBXProject "PackageTracker" */;
			compatibilityVersion = "Xcode 3.2";
			developmentRegion = English;
			hasScannedForEncodings = 0;
			knownRegions = (
				en,
				Base,
			);
			mainGroup = 20DE6D7A1AED687E00A7A73F;
			productRefGroup = 20DE6D841AED687E00A7A73F /* Products */;
			projectDirPath = "";
			projectRoot = "";
			targets = (
				20DE6D821AED687E00A7A73F /* PackageTracker */,
				20DE6D971AED687E00A7A73F /* PackageTrackerTests */,
				20FA40741B35153500B21A48 /* PackageTracker UI Tests */,
			);
		};
/* End PBXProject section */

/* Begin PBXResourcesBuildPhase section */
		20DE6D811AED687E00A7A73F /* Resources */ = {
			isa = PBXResourcesBuildPhase;
			buildActionMask = 2147483647;
			files = (
				20DE6D8E1AED687E00A7A73F /* Main.storyboard in Resources */,
				20DE6D931AED687E00A7A73F /* LaunchScreen.xib in Resources */,
				205AE8131AED794D00289F3F /* SampleUSPSXML.xml in Resources */,
				20DE6D901AED687E00A7A73F /* Images.xcassets in Resources */,
				20182FF51B136410002824F4 /* USPSConfig.json in Resources */,
			);
			runOnlyForDeploymentPostprocessing = 0;
		};
		20DE6D961AED687E00A7A73F /* Resources */ = {
			isa = PBXResourcesBuildPhase;
			buildActionMask = 2147483647;
			files = (
				205AE8141AED794D00289F3F /* SampleUSPSXML.xml in Resources */,
			);
			runOnlyForDeploymentPostprocessing = 0;
		};
		20FA40731B35153500B21A48 /* Resources */ = {
			isa = PBXResourcesBuildPhase;
			buildActionMask = 2147483647;
			files = (
				20D1034D1B35D6D400774E48 /* USPSConfig.json in Resources */,
			);
			runOnlyForDeploymentPostprocessing = 0;
		};
/* End PBXResourcesBuildPhase section */

/* Begin PBXSourcesBuildPhase section */
		20DE6D7F1AED687E00A7A73F /* Sources */ = {
			isa = PBXSourcesBuildPhase;
			buildActionMask = 2147483647;
			files = (
				2092AB201B6873F1005DBC46 /* Package+CoreDataProperties.swift in Sources */,
				20182FFA1B1365F0002824F4 /* USPSRequestInfo.swift in Sources */,
				55476F5E1AFFD57300F9003C /* Detail.swift in Sources */,
				55476F5B1AFFD34C00F9003C /* Summary.swift in Sources */,
				20DE6D8B1AED687E00A7A73F /* ViewController.swift in Sources */,
				2029545B1B3119A400F96975 /* USPSManager.swift in Sources */,
				204D48A21B21C62900E173AB /* Result.swift in Sources */,
				205EF4B81B2DF6CA0019FE77 /* USPSCommunicator.swift in Sources */,
				20C269641BA6054D0044FCA9 /* TrackingHistoryViewController.swift in Sources */,
				55476F611AFFD5ED00F9003C /* Info.swift in Sources */,
				20DE6D891AED687E00A7A73F /* AppDelegate.swift in Sources */,
				2092AAF11B68613E005DBC46 /* PersistenceController.swift in Sources */,
				2092AB151B686623005DBC46 /* PackageModel.xcdatamodeld in Sources */,
				2092AB211B6873F1005DBC46 /* Package.swift in Sources */,
			);
			runOnlyForDeploymentPostprocessing = 0;
		};
		20DE6D941AED687E00A7A73F /* Sources */ = {
			isa = PBXSourcesBuildPhase;
			buildActionMask = 2147483647;
			files = (
				20C269621BA510AD0044FCA9 /* ViewControllerTests.swift in Sources */,
				20182FF81B1364B4002824F4 /* USPSRequestFlow.swift in Sources */,
				20C269661BA60B1B0044FCA9 /* TrackingHistoryViewControllerTests.swift in Sources */,
				55476F671AFFED4B00F9003C /* TestInfo.swift in Sources */,
			);
			runOnlyForDeploymentPostprocessing = 0;
		};
		20FA40711B35153500B21A48 /* Sources */ = {
			isa = PBXSourcesBuildPhase;
			buildActionMask = 2147483647;
			files = (
				20FA40781B35153500B21A48 /* PackageTracker_UI_Tests.swift in Sources */,
			);
			runOnlyForDeploymentPostprocessing = 0;
		};
/* End PBXSourcesBuildPhase section */

/* Begin PBXTargetDependency section */
		20DE6D9A1AED687E00A7A73F /* PBXTargetDependency */ = {
			isa = PBXTargetDependency;
			target = 20DE6D821AED687E00A7A73F /* PackageTracker */;
			targetProxy = 20DE6D991AED687E00A7A73F /* PBXContainerItemProxy */;
		};
		20FA407B1B35153500B21A48 /* PBXTargetDependency */ = {
			isa = PBXTargetDependency;
			target = 20DE6D821AED687E00A7A73F /* PackageTracker */;
			targetProxy = 20FA407A1B35153500B21A48 /* PBXContainerItemProxy */;
		};
/* End PBXTargetDependency section */

/* Begin PBXVariantGroup section */
		20DE6D8C1AED687E00A7A73F /* Main.storyboard */ = {
			isa = PBXVariantGroup;
			children = (
				20DE6D8D1AED687E00A7A73F /* Base */,
			);
			name = Main.storyboard;
			sourceTree = "<group>";
		};
		20DE6D911AED687E00A7A73F /* LaunchScreen.xib */ = {
			isa = PBXVariantGroup;
			children = (
				20DE6D921AED687E00A7A73F /* Base */,
			);
			name = LaunchScreen.xib;
			sourceTree = "<group>";
		};
/* End PBXVariantGroup section */

/* Begin XCBuildConfiguration section */
		20DE6DA01AED687E00A7A73F /* Debug */ = {
			isa = XCBuildConfiguration;
			buildSettings = {
				ALWAYS_SEARCH_USER_PATHS = NO;
				CLANG_CXX_LANGUAGE_STANDARD = "gnu++0x";
				CLANG_CXX_LIBRARY = "libc++";
				CLANG_ENABLE_MODULES = YES;
				CLANG_ENABLE_OBJC_ARC = YES;
				CLANG_WARN_BOOL_CONVERSION = YES;
				CLANG_WARN_CONSTANT_CONVERSION = YES;
				CLANG_WARN_DIRECT_OBJC_ISA_USAGE = YES_ERROR;
				CLANG_WARN_EMPTY_BODY = YES;
				CLANG_WARN_ENUM_CONVERSION = YES;
				CLANG_WARN_INT_CONVERSION = YES;
				CLANG_WARN_OBJC_ROOT_CLASS = YES_ERROR;
				CLANG_WARN_UNREACHABLE_CODE = YES;
				CLANG_WARN__DUPLICATE_METHOD_MATCH = YES;
				"CODE_SIGN_IDENTITY[sdk=iphoneos*]" = "iPhone Developer";
				COPY_PHASE_STRIP = NO;
				DEBUG_INFORMATION_FORMAT = "dwarf-with-dsym";
				ENABLE_STRICT_OBJC_MSGSEND = YES;
				ENABLE_TESTABILITY = YES;
				GCC_C_LANGUAGE_STANDARD = gnu99;
				GCC_DYNAMIC_NO_PIC = NO;
				GCC_NO_COMMON_BLOCKS = YES;
				GCC_OPTIMIZATION_LEVEL = 0;
				GCC_PREPROCESSOR_DEFINITIONS = (
					"DEBUG=1",
					"$(inherited)",
				);
				GCC_SYMBOLS_PRIVATE_EXTERN = NO;
				GCC_WARN_64_TO_32_BIT_CONVERSION = YES;
				GCC_WARN_ABOUT_RETURN_TYPE = YES_ERROR;
				GCC_WARN_UNDECLARED_SELECTOR = YES;
				GCC_WARN_UNINITIALIZED_AUTOS = YES_AGGRESSIVE;
				GCC_WARN_UNUSED_FUNCTION = YES;
				GCC_WARN_UNUSED_VARIABLE = YES;
				IPHONEOS_DEPLOYMENT_TARGET = 9.0;
				MTL_ENABLE_DEBUG_INFO = YES;
				ONLY_ACTIVE_ARCH = YES;
				SDKROOT = iphoneos;
				SWIFT_OPTIMIZATION_LEVEL = "-Onone";
				TARGETED_DEVICE_FAMILY = "1,2";
			};
			name = Debug;
		};
		20DE6DA11AED687E00A7A73F /* Release */ = {
			isa = XCBuildConfiguration;
			buildSettings = {
				ALWAYS_SEARCH_USER_PATHS = NO;
				CLANG_CXX_LANGUAGE_STANDARD = "gnu++0x";
				CLANG_CXX_LIBRARY = "libc++";
				CLANG_ENABLE_MODULES = YES;
				CLANG_ENABLE_OBJC_ARC = YES;
				CLANG_WARN_BOOL_CONVERSION = YES;
				CLANG_WARN_CONSTANT_CONVERSION = YES;
				CLANG_WARN_DIRECT_OBJC_ISA_USAGE = YES_ERROR;
				CLANG_WARN_EMPTY_BODY = YES;
				CLANG_WARN_ENUM_CONVERSION = YES;
				CLANG_WARN_INT_CONVERSION = YES;
				CLANG_WARN_OBJC_ROOT_CLASS = YES_ERROR;
				CLANG_WARN_UNREACHABLE_CODE = YES;
				CLANG_WARN__DUPLICATE_METHOD_MATCH = YES;
				"CODE_SIGN_IDENTITY[sdk=iphoneos*]" = "iPhone Developer";
				COPY_PHASE_STRIP = NO;
				DEBUG_INFORMATION_FORMAT = "dwarf-with-dsym";
				ENABLE_NS_ASSERTIONS = NO;
				ENABLE_STRICT_OBJC_MSGSEND = YES;
				GCC_C_LANGUAGE_STANDARD = gnu99;
				GCC_NO_COMMON_BLOCKS = YES;
				GCC_WARN_64_TO_32_BIT_CONVERSION = YES;
				GCC_WARN_ABOUT_RETURN_TYPE = YES_ERROR;
				GCC_WARN_UNDECLARED_SELECTOR = YES;
				GCC_WARN_UNINITIALIZED_AUTOS = YES_AGGRESSIVE;
				GCC_WARN_UNUSED_FUNCTION = YES;
				GCC_WARN_UNUSED_VARIABLE = YES;
				IPHONEOS_DEPLOYMENT_TARGET = 9.0;
				MTL_ENABLE_DEBUG_INFO = NO;
				SDKROOT = iphoneos;
				TARGETED_DEVICE_FAMILY = "1,2";
				VALIDATE_PRODUCT = YES;
			};
			name = Release;
		};
		20DE6DA31AED687E00A7A73F /* Debug */ = {
			isa = XCBuildConfiguration;
			buildSettings = {
				ASSETCATALOG_COMPILER_APPICON_NAME = AppIcon;
				INFOPLIST_FILE = PackageTracker/Info.plist;
				IPHONEOS_DEPLOYMENT_TARGET = 9.0;
				LD_RUNPATH_SEARCH_PATHS = "$(inherited) @executable_path/Frameworks";
				PRODUCT_BUNDLE_IDENTIFIER = "com.conceptsincode.$(PRODUCT_NAME:rfc1034identifier)";
				PRODUCT_NAME = "$(TARGET_NAME)";
			};
			name = Debug;
		};
		20DE6DA41AED687E00A7A73F /* Release */ = {
			isa = XCBuildConfiguration;
			buildSettings = {
				ASSETCATALOG_COMPILER_APPICON_NAME = AppIcon;
				INFOPLIST_FILE = PackageTracker/Info.plist;
				IPHONEOS_DEPLOYMENT_TARGET = 9.0;
				LD_RUNPATH_SEARCH_PATHS = "$(inherited) @executable_path/Frameworks";
				PRODUCT_BUNDLE_IDENTIFIER = "com.conceptsincode.$(PRODUCT_NAME:rfc1034identifier)";
				PRODUCT_NAME = "$(TARGET_NAME)";
			};
			name = Release;
		};
		20DE6DA61AED687E00A7A73F /* Debug */ = {
			isa = XCBuildConfiguration;
			buildSettings = {
				BUNDLE_LOADER = "$(TEST_HOST)";
				FRAMEWORK_SEARCH_PATHS = (
					"$(SDKROOT)/Developer/Library/Frameworks",
					"$(inherited)",
				);
				GCC_PREPROCESSOR_DEFINITIONS = (
					"DEBUG=1",
					"$(inherited)",
				);
				INFOPLIST_FILE = PackageTrackerTests/Info.plist;
				LD_RUNPATH_SEARCH_PATHS = "$(inherited) @executable_path/Frameworks @loader_path/Frameworks";
				PRODUCT_BUNDLE_IDENTIFIER = "com.conceptsincode.$(PRODUCT_NAME:rfc1034identifier)";
				PRODUCT_NAME = "$(TARGET_NAME)";
				TEST_HOST = "$(BUILT_PRODUCTS_DIR)/PackageTracker.app/PackageTracker";
			};
			name = Debug;
		};
		20DE6DA71AED687E00A7A73F /* Release */ = {
			isa = XCBuildConfiguration;
			buildSettings = {
				BUNDLE_LOADER = "$(TEST_HOST)";
				FRAMEWORK_SEARCH_PATHS = (
					"$(SDKROOT)/Developer/Library/Frameworks",
					"$(inherited)",
				);
				INFOPLIST_FILE = PackageTrackerTests/Info.plist;
				LD_RUNPATH_SEARCH_PATHS = "$(inherited) @executable_path/Frameworks @loader_path/Frameworks";
				PRODUCT_BUNDLE_IDENTIFIER = "com.conceptsincode.$(PRODUCT_NAME:rfc1034identifier)";
				PRODUCT_NAME = "$(TARGET_NAME)";
				TEST_HOST = "$(BUILT_PRODUCTS_DIR)/PackageTracker.app/PackageTracker";
			};
			name = Release;
		};
		20FA407D1B35153500B21A48 /* Debug */ = {
			isa = XCBuildConfiguration;
			buildSettings = {
				DEBUG_INFORMATION_FORMAT = dwarf;
				INFOPLIST_FILE = "PackageTracker UI Tests/Info.plist";
				LD_RUNPATH_SEARCH_PATHS = "$(inherited) @executable_path/Frameworks @loader_path/Frameworks";
				PRODUCT_BUNDLE_IDENTIFIER = "com.sixfivesoftware.PackageTracker-UI-Tests";
				PRODUCT_NAME = "$(TARGET_NAME)";
				TEST_TARGET_NAME = PackageTracker;
				USES_XCTRUNNER = YES;
			};
			name = Debug;
		};
		20FA407E1B35153500B21A48 /* Release */ = {
			isa = XCBuildConfiguration;
			buildSettings = {
				INFOPLIST_FILE = "PackageTracker UI Tests/Info.plist";
				LD_RUNPATH_SEARCH_PATHS = "$(inherited) @executable_path/Frameworks @loader_path/Frameworks";
				PRODUCT_BUNDLE_IDENTIFIER = "com.sixfivesoftware.PackageTracker-UI-Tests";
				PRODUCT_NAME = "$(TARGET_NAME)";
				TEST_TARGET_NAME = PackageTracker;
				USES_XCTRUNNER = YES;
			};
			name = Release;
		};
/* End XCBuildConfiguration section */

/* Begin XCConfigurationList section */
		20DE6D7E1AED687E00A7A73F /* Build configuration list for PBXProject "PackageTracker" */ = {
			isa = XCConfigurationList;
			buildConfigurations = (
				20DE6DA01AED687E00A7A73F /* Debug */,
				20DE6DA11AED687E00A7A73F /* Release */,
			);
			defaultConfigurationIsVisible = 0;
			defaultConfigurationName = Release;
		};
		20DE6DA21AED687E00A7A73F /* Build configuration list for PBXNativeTarget "PackageTracker" */ = {
			isa = XCConfigurationList;
			buildConfigurations = (
				20DE6DA31AED687E00A7A73F /* Debug */,
				20DE6DA41AED687E00A7A73F /* Release */,
			);
			defaultConfigurationIsVisible = 0;
			defaultConfigurationName = Release;
		};
		20DE6DA51AED687E00A7A73F /* Build configuration list for PBXNativeTarget "PackageTrackerTests" */ = {
			isa = XCConfigurationList;
			buildConfigurations = (
				20DE6DA61AED687E00A7A73F /* Debug */,
				20DE6DA71AED687E00A7A73F /* Release */,
			);
			defaultConfigurationIsVisible = 0;
			defaultConfigurationName = Release;
		};
		20FA407C1B35153500B21A48 /* Build configuration list for PBXNativeTarget "PackageTracker UI Tests" */ = {
			isa = XCConfigurationList;
			buildConfigurations = (
				20FA407D1B35153500B21A48 /* Debug */,
				20FA407E1B35153500B21A48 /* Release */,
			);
			defaultConfigurationIsVisible = 0;
			defaultConfigurationName = Release;
		};
/* End XCConfigurationList section */

/* Begin XCVersionGroup section */
		2092AB131B686623005DBC46 /* PackageModel.xcdatamodeld */ = {
			isa = XCVersionGroup;
			children = (
				2092AB141B686623005DBC46 /* PackageModel.xcdatamodel */,
			);
			currentVersion = 2092AB141B686623005DBC46 /* PackageModel.xcdatamodel */;
			path = PackageModel.xcdatamodeld;
			sourceTree = "<group>";
			versionGroupType = wrapper.xcdatamodel;
		};
/* End XCVersionGroup section */
	};
	rootObject = 20DE6D7B1AED687E00A7A73F /* Project object */;
}
